
Microsoft Visual Studio Solution File, Format Version 12.00
# Visual Studio Version 17
VisualStudioVersion = 17.13.35825.156
MinimumVisualStudioVersion = 10.0.40219.1
Project("{FAE04EC0-301F-11D3-BF4B-00C04F79EFBC}") = "ToDoApp", "ToDoApp.csproj", "{11F8121C-86C4-4378-8E64-D6BBC5C6F566}"
EndProject
Project("{FAE04EC0-301F-11D3-BF4B-00C04F79EFBC}") = "ToDoApp.Tests", "..\ToDoApp.Tests\ToDoApp.Tests.csproj", "{21AA0486-D648-47D3-9A70-EC08F4BF3DBA}"
EndProject
Global
	GlobalSection(SolutionConfigurationPlatforms) = preSolution
		Debug|Any CPU = Debug|Any CPU
		Release|Any CPU = Release|Any CPU
	EndGlobalSection
	GlobalSection(ProjectConfigurationPlatforms) = postSolution
		{11F8121C-86C4-4378-8E64-D6BBC5C6F566}.Debug|Any CPU.ActiveCfg = Debug|Any CPU
		{11F8121C-86C4-4378-8E64-D6BBC5C6F566}.Debug|Any CPU.Build.0 = Debug|Any CPU
		{11F8121C-86C4-4378-8E64-D6BBC5C6F566}.Release|Any CPU.ActiveCfg = Release|Any CPU
		{11F8121C-86C4-4378-8E64-D6BBC5C6F566}.Release|Any CPU.Build.0 = Release|Any CPU
		{21AA0486-D648-47D3-9A70-EC08F4BF3DBA}.Debug|Any CPU.ActiveCfg = Debug|Any CPU
		{21AA0486-D648-47D3-9A70-EC08F4BF3DBA}.Debug|Any CPU.Build.0 = Debug|Any CPU
		{21AA0486-D648-47D3-9A70-EC08F4BF3DBA}.Release|Any CPU.ActiveCfg = Release|Any CPU
		{21AA0486-D648-47D3-9A70-EC08F4BF3DBA}.Release|Any CPU.Build.0 = Release|Any CPU
	EndGlobalSection
	GlobalSection(SolutionProperties) = preSolution
		HideSolutionNode = FALSE
	EndGlobalSection
	GlobalSection(ExtensibilityGlobals) = postSolution
		SolutionGuid = {376F38CD-9FDB-42B1-9583-BB3AAD8E8F63}
	EndGlobalSection
EndGlobal
